
Microsoft Visual Studio Solution File, Format Version 11.00
# Visual Studio 2010
Project("{F2A71F9B-5D33-465A-A702-920D77279786}") = "FScheme", "FScheme\FScheme.fsproj", "{7BDC6B2D-AF92-4BF3-A941-DBC3A3307CB4}"
EndProject
Project("{FAE04EC0-301F-11D3-BF4B-00C04F79EFBC}") = "FSchemeFrontend", "FSchemeFrontend\FSchemeFrontend.csproj", "{ACEA1196-2233-4ACF-AAB0-5DF46C3659F6}"
EndProject
Global
	GlobalSection(SolutionConfigurationPlatforms) = preSolution
		Debug|x86 = Debug|x86
		Release|x86 = Release|x86
	EndGlobalSection
	GlobalSection(ProjectConfigurationPlatforms) = postSolution
		{7BDC6B2D-AF92-4BF3-A941-DBC3A3307CB4}.Debug|x86.ActiveCfg = Debug|x86
		{7BDC6B2D-AF92-4BF3-A941-DBC3A3307CB4}.Debug|x86.Build.0 = Debug|x86
		{7BDC6B2D-AF92-4BF3-A941-DBC3A3307CB4}.Release|x86.ActiveCfg = Release|x86
		{7BDC6B2D-AF92-4BF3-A941-DBC3A3307CB4}.Release|x86.Build.0 = Release|x86
		{ACEA1196-2233-4ACF-AAB0-5DF46C3659F6}.Debug|x86.ActiveCfg = Debug|x86
		{ACEA1196-2233-4ACF-AAB0-5DF46C3659F6}.Debug|x86.Build.0 = Debug|x86
		{ACEA1196-2233-4ACF-AAB0-5DF46C3659F6}.Release|x86.ActiveCfg = Release|x86
		{ACEA1196-2233-4ACF-AAB0-5DF46C3659F6}.Release|x86.Build.0 = Release|x86
	EndGlobalSection
	GlobalSection(SolutionProperties) = preSolution
		HideSolutionNode = FALSE
	EndGlobalSection
EndGlobal
